
Microsoft Visual Studio Solution File, Format Version 12.00
# Visual Studio Version 16
VisualStudioVersion = 16.0.30128.74
MinimumVisualStudioVersion = 10.0.40219.1
Project("{FAE04EC0-301F-11D3-BF4B-00C04F79EFBC}") = "UserMicroService", "UserMicroService\UserMicroService.csproj", "{F1959C1E-FE7B-4BE6-AD33-33D896AEECCB}"
EndProject
Project("{FAE04EC0-301F-11D3-BF4B-00C04F79EFBC}") = "FiliereMicroService", "FiliereMicroService\FiliereMicroService.csproj", "{509DA5FF-8ED1-46EF-BC10-9FDAC1BE66BC}"
EndProject
Project("{FAE04EC0-301F-11D3-BF4B-00C04F79EFBC}") = "APIGateway", "APIGateway\APIGateway.csproj", "{A5BA701C-5083-402A-859D-8D46CB0C4B75}"
EndProject
Global
	GlobalSection(SolutionConfigurationPlatforms) = preSolution
		Debug|Any CPU = Debug|Any CPU
		Release|Any CPU = Release|Any CPU
	EndGlobalSection
	GlobalSection(ProjectConfigurationPlatforms) = postSolution
		{F1959C1E-FE7B-4BE6-AD33-33D896AEECCB}.Debug|Any CPU.ActiveCfg = Debug|Any CPU
		{F1959C1E-FE7B-4BE6-AD33-33D896AEECCB}.Debug|Any CPU.Build.0 = Debug|Any CPU
		{F1959C1E-FE7B-4BE6-AD33-33D896AEECCB}.Release|Any CPU.ActiveCfg = Release|Any CPU
		{F1959C1E-FE7B-4BE6-AD33-33D896AEECCB}.Release|Any CPU.Build.0 = Release|Any CPU
		{509DA5FF-8ED1-46EF-BC10-9FDAC1BE66BC}.Debug|Any CPU.ActiveCfg = Debug|Any CPU
		{509DA5FF-8ED1-46EF-BC10-9FDAC1BE66BC}.Debug|Any CPU.Build.0 = Debug|Any CPU
		{509DA5FF-8ED1-46EF-BC10-9FDAC1BE66BC}.Release|Any CPU.ActiveCfg = Release|Any CPU
		{509DA5FF-8ED1-46EF-BC10-9FDAC1BE66BC}.Release|Any CPU.Build.0 = Release|Any CPU
		{A5BA701C-5083-402A-859D-8D46CB0C4B75}.Debug|Any CPU.ActiveCfg = Debug|Any CPU
		{A5BA701C-5083-402A-859D-8D46CB0C4B75}.Debug|Any CPU.Build.0 = Debug|Any CPU
		{A5BA701C-5083-402A-859D-8D46CB0C4B75}.Release|Any CPU.ActiveCfg = Release|Any CPU
		{A5BA701C-5083-402A-859D-8D46CB0C4B75}.Release|Any CPU.Build.0 = Release|Any CPU
	EndGlobalSection
	GlobalSection(SolutionProperties) = preSolution
		HideSolutionNode = FALSE
	EndGlobalSection
	GlobalSection(ExtensibilityGlobals) = postSolution
		SolutionGuid = {FAB06B31-10D2-4CC9-B613-D4778A480B19}
	EndGlobalSection
EndGlobal
